{
    "name": "@posthog/downsampling-plugin",
    "version": "0.0.1",
    "lockfileVersion": 2,
    "requires": true,
    "packages": {
        "": {
            "name": "@posthog/downsampling-plugin",
            "version": "0.0.1",
            "dependencies": {
                "@posthog/plugin-scaffold": "^0.5.0"
            }
        },
        "node_modules/@maxmind/geoip2-node": {
            "version": "2.3.2",
            "resolved": "https://registry.npmjs.org/@maxmind/geoip2-node/-/geoip2-node-2.3.2.tgz",
            "integrity": "sha512-a1TSZt3uWe7yrgE2WMdTItK6XuG2Aj125cAXA+JuT2nomv3oqIK8XXg9iJVpzNXAYRV72XO0+zY+3HluOGgF3w==",
            "hasInstallScript": true,
            "dependencies": {
                "camelcase-keys": "^6.0.1",
                "ip6addr": "^0.2.3",
                "lodash.set": "^4.3.2",
                "maxmind": "^4.2.0"
            }
        },
        "node_modules/@posthog/plugin-scaffold": {
            "version": "0.5.1",
            "resolved": "https://registry.npmjs.org/@posthog/plugin-scaffold/-/plugin-scaffold-0.5.1.tgz",
            "integrity": "sha512-N7/L70tluSnV6Y3/8xuEiXldKFM+R/p9sTQU7IOXQFzt+4WxYvP0iboda4xyIK7bMuy0XN4K8JyKen78N6rugw==",
            "dependencies": {
                "@maxmind/geoip2-node": "^2.3.1"
            }
        },
        "node_modules/assert-plus": {
            "version": "1.0.0",
            "resolved": "https://registry.npmjs.org/assert-plus/-/assert-plus-1.0.0.tgz",
            "integrity": "sha1-8S4PPF13sLHN2RRpQuTpbB5N1SU=",
            "engines": {
                "node": ">=0.8"
            }
        },
        "node_modules/camelcase": {
            "version": "5.3.1",
            "resolved": "https://registry.npmjs.org/camelcase/-/camelcase-5.3.1.tgz",
            "integrity": "sha512-L28STB170nwWS63UjtlEOE3dldQApaJXZkOI1uMFfzf3rRuPegHaHesyee+YxQ+W6SvRDQV6UrdOdRiR153wJg==",
            "engines": {
                "node": ">=6"
            }
        },
        "node_modules/camelcase-keys": {
            "version": "6.2.2",
            "resolved": "https://registry.npmjs.org/camelcase-keys/-/camelcase-keys-6.2.2.tgz",
            "integrity": "sha512-YrwaA0vEKazPBkn0ipTiMpSajYDSe+KjQfrjhcBMxJt/znbvlHd8Pw/Vamaz5EB4Wfhs3SUR3Z9mwRu/P3s3Yg==",
            "dependencies": {
                "camelcase": "^5.3.1",
                "map-obj": "^4.0.0",
                "quick-lru": "^4.0.1"
            },
            "engines": {
                "node": ">=8"
            },
            "funding": {
                "url": "https://github.com/sponsors/sindresorhus"
            }
        },
        "node_modules/core-util-is": {
            "version": "1.0.2",
            "resolved": "https://registry.npmjs.org/core-util-is/-/core-util-is-1.0.2.tgz",
            "integrity": "sha1-tf1UIgqivFq1eqtxQMlAdUUDwac="
        },
        "node_modules/extsprintf": {
            "version": "1.3.0",
            "resolved": "https://registry.npmjs.org/extsprintf/-/extsprintf-1.3.0.tgz",
            "integrity": "sha1-lpGEQOMEGnpBT4xS48V06zw+HgU=",
            "engines": [
                "node >=0.6.0"
            ]
        },
        "node_modules/ip6addr": {
            "version": "0.2.3",
            "resolved": "https://registry.npmjs.org/ip6addr/-/ip6addr-0.2.3.tgz",
            "integrity": "sha512-qA9DXRAUW+lT47/i/4+Q3GHPwZjGt/atby1FH/THN6GVATA6+Pjp2nztH7k6iKeil7hzYnBwfSsxjthlJ8lJKw==",
            "dependencies": {
                "assert-plus": "^1.0.0",
                "jsprim": "^1.4.0"
            }
        },
        "node_modules/json-schema": {
            "version": "0.2.3",
            "resolved": "https://registry.npmjs.org/json-schema/-/json-schema-0.2.3.tgz",
            "integrity": "sha1-tIDIkuWaLwWVTOcnvT8qTogvnhM="
        },
        "node_modules/jsprim": {
            "version": "1.4.1",
            "resolved": "https://registry.npmjs.org/jsprim/-/jsprim-1.4.1.tgz",
            "integrity": "sha1-MT5mvB5cwG5Di8G3SZwuXFastqI=",
            "engines": [
                "node >=0.6.0"
            ],
            "dependencies": {
                "assert-plus": "1.0.0",
                "extsprintf": "1.3.0",
                "json-schema": "0.2.3",
                "verror": "1.10.0"
            }
        },
        "node_modules/lodash.set": {
            "version": "4.3.2",
            "resolved": "https://registry.npmjs.org/lodash.set/-/lodash.set-4.3.2.tgz",
            "integrity": "sha1-2HV7HagH3eJIFrDWqEvqGnYjCyM="
        },
        "node_modules/map-obj": {
            "version": "4.2.1",
            "resolved": "https://registry.npmjs.org/map-obj/-/map-obj-4.2.1.tgz",
            "integrity": "sha512-+WA2/1sPmDj1dlvvJmB5G6JKfY9dpn7EVBUL06+y6PoljPkh+6V1QihwxNkbcGxCRjt2b0F9K0taiCuo7MbdFQ==",
            "engines": {
                "node": ">=8"
            },
            "funding": {
                "url": "https://github.com/sponsors/sindresorhus"
            }
        },
        "node_modules/maxmind": {
            "version": "4.3.1",
            "resolved": "https://registry.npmjs.org/maxmind/-/maxmind-4.3.1.tgz",
            "integrity": "sha512-0CxAgwWIwQy4zF1/qCMOeUPleMTYgfnsuIsZ4Otzx6hzON4PCqivPiH6Kz7iWrC++KOGCbSB3nxkJMvDEdWt6g==",
            "dependencies": {
                "mmdb-lib": "1.2.0",
                "tiny-lru": "7.0.6"
            },
            "engines": {
                "node": ">=10",
                "npm": ">=6"
            }
        },
        "node_modules/mmdb-lib": {
            "version": "1.2.0",
            "resolved": "https://registry.npmjs.org/mmdb-lib/-/mmdb-lib-1.2.0.tgz",
            "integrity": "sha512-3XYebkStxqCgWJjsmT9FCaE19Yi4Tvs2SBPKhUks3rJJh52oF1AKAd9kei+LTutud3a6RCZ0o2Um96Fn7o3zVA==",
            "engines": {
                "node": ">=10",
                "npm": ">=6"
            }
        },
        "node_modules/quick-lru": {
            "version": "4.0.1",
            "resolved": "https://registry.npmjs.org/quick-lru/-/quick-lru-4.0.1.tgz",
            "integrity": "sha512-ARhCpm70fzdcvNQfPoy49IaanKkTlRWF2JMzqhcJbhSFRZv7nPTvZJdcY7301IPmvW+/p0RgIWnQDLJxifsQ7g==",
            "engines": {
                "node": ">=8"
            }
        },
        "node_modules/tiny-lru": {
            "version": "7.0.6",
            "resolved": "https://registry.npmjs.org/tiny-lru/-/tiny-lru-7.0.6.tgz",
            "integrity": "sha512-zNYO0Kvgn5rXzWpL0y3RS09sMK67eGaQj9805jlK9G6pSadfriTczzLHFXa/xcW4mIRfmlB9HyQ/+SgL0V1uow==",
            "engines": {
                "node": ">=6"
            }
        },
        "node_modules/verror": {
            "version": "1.10.0",
            "resolved": "https://registry.npmjs.org/verror/-/verror-1.10.0.tgz",
            "integrity": "sha1-OhBcoXBTr1XW4nDB+CiGguGNpAA=",
            "engines": [
                "node >=0.6.0"
            ],
            "dependencies": {
                "assert-plus": "^1.0.0",
                "core-util-is": "1.0.2",
                "extsprintf": "^1.2.0"
            }
        }
    },
    "dependencies": {
        "@maxmind/geoip2-node": {
            "version": "2.3.2",
            "resolved": "https://registry.npmjs.org/@maxmind/geoip2-node/-/geoip2-node-2.3.2.tgz",
            "integrity": "sha512-a1TSZt3uWe7yrgE2WMdTItK6XuG2Aj125cAXA+JuT2nomv3oqIK8XXg9iJVpzNXAYRV72XO0+zY+3HluOGgF3w==",
            "requires": {
                "camelcase-keys": "^6.0.1",
                "ip6addr": "^0.2.3",
                "lodash.set": "^4.3.2",
                "maxmind": "^4.2.0"
            }
        },
        "@posthog/plugin-scaffold": {
            "version": "0.5.1",
            "resolved": "https://registry.npmjs.org/@posthog/plugin-scaffold/-/plugin-scaffold-0.5.1.tgz",
            "integrity": "sha512-N7/L70tluSnV6Y3/8xuEiXldKFM+R/p9sTQU7IOXQFzt+4WxYvP0iboda4xyIK7bMuy0XN4K8JyKen78N6rugw==",
            "requires": {
                "@maxmind/geoip2-node": "^2.3.1"
            }
        },
        "assert-plus": {
            "version": "1.0.0",
            "resolved": "https://registry.npmjs.org/assert-plus/-/assert-plus-1.0.0.tgz",
            "integrity": "sha1-8S4PPF13sLHN2RRpQuTpbB5N1SU="
        },
        "camelcase": {
            "version": "5.3.1",
            "resolved": "https://registry.npmjs.org/camelcase/-/camelcase-5.3.1.tgz",
            "integrity": "sha512-L28STB170nwWS63UjtlEOE3dldQApaJXZkOI1uMFfzf3rRuPegHaHesyee+YxQ+W6SvRDQV6UrdOdRiR153wJg=="
        },
        "camelcase-keys": {
            "version": "6.2.2",
            "resolved": "https://registry.npmjs.org/camelcase-keys/-/camelcase-keys-6.2.2.tgz",
            "integrity": "sha512-YrwaA0vEKazPBkn0ipTiMpSajYDSe+KjQfrjhcBMxJt/znbvlHd8Pw/Vamaz5EB4Wfhs3SUR3Z9mwRu/P3s3Yg==",
            "requires": {
                "camelcase": "^5.3.1",
                "map-obj": "^4.0.0",
                "quick-lru": "^4.0.1"
            }
        },
        "core-util-is": {
            "version": "1.0.2",
            "resolved": "https://registry.npmjs.org/core-util-is/-/core-util-is-1.0.2.tgz",
            "integrity": "sha1-tf1UIgqivFq1eqtxQMlAdUUDwac="
        },
        "extsprintf": {
            "version": "1.3.0",
            "resolved": "https://registry.npmjs.org/extsprintf/-/extsprintf-1.3.0.tgz",
            "integrity": "sha1-lpGEQOMEGnpBT4xS48V06zw+HgU="
        },
        "ip6addr": {
            "version": "0.2.3",
            "resolved": "https://registry.npmjs.org/ip6addr/-/ip6addr-0.2.3.tgz",
            "integrity": "sha512-qA9DXRAUW+lT47/i/4+Q3GHPwZjGt/atby1FH/THN6GVATA6+Pjp2nztH7k6iKeil7hzYnBwfSsxjthlJ8lJKw==",
            "requires": {
                "assert-plus": "^1.0.0",
                "jsprim": "^1.4.0"
            }
        },
        "json-schema": {
            "version": "0.2.3",
            "resolved": "https://registry.npmjs.org/json-schema/-/json-schema-0.2.3.tgz",
            "integrity": "sha1-tIDIkuWaLwWVTOcnvT8qTogvnhM="
        },
        "jsprim": {
            "version": "1.4.1",
            "resolved": "https://registry.npmjs.org/jsprim/-/jsprim-1.4.1.tgz",
            "integrity": "sha1-MT5mvB5cwG5Di8G3SZwuXFastqI=",
            "requires": {
                "assert-plus": "1.0.0",
                "extsprintf": "1.3.0",
                "json-schema": "0.2.3",
                "verror": "1.10.0"
            }
        },
        "lodash.set": {
            "version": "4.3.2",
            "resolved": "https://registry.npmjs.org/lodash.set/-/lodash.set-4.3.2.tgz",
            "integrity": "sha1-2HV7HagH3eJIFrDWqEvqGnYjCyM="
        },
        "map-obj": {
            "version": "4.2.1",
            "resolved": "https://registry.npmjs.org/map-obj/-/map-obj-4.2.1.tgz",
            "integrity": "sha512-+WA2/1sPmDj1dlvvJmB5G6JKfY9dpn7EVBUL06+y6PoljPkh+6V1QihwxNkbcGxCRjt2b0F9K0taiCuo7MbdFQ=="
        },
        "maxmind": {
            "version": "4.3.1",
            "resolved": "https://registry.npmjs.org/maxmind/-/maxmind-4.3.1.tgz",
            "integrity": "sha512-0CxAgwWIwQy4zF1/qCMOeUPleMTYgfnsuIsZ4Otzx6hzON4PCqivPiH6Kz7iWrC++KOGCbSB3nxkJMvDEdWt6g==",
            "requires": {
                "mmdb-lib": "1.2.0",
                "tiny-lru": "7.0.6"
            }
        },
        "mmdb-lib": {
            "version": "1.2.0",
            "resolved": "https://registry.npmjs.org/mmdb-lib/-/mmdb-lib-1.2.0.tgz",
            "integrity": "sha512-3XYebkStxqCgWJjsmT9FCaE19Yi4Tvs2SBPKhUks3rJJh52oF1AKAd9kei+LTutud3a6RCZ0o2Um96Fn7o3zVA=="
        },
        "quick-lru": {
            "version": "4.0.1",
            "resolved": "https://registry.npmjs.org/quick-lru/-/quick-lru-4.0.1.tgz",
            "integrity": "sha512-ARhCpm70fzdcvNQfPoy49IaanKkTlRWF2JMzqhcJbhSFRZv7nPTvZJdcY7301IPmvW+/p0RgIWnQDLJxifsQ7g=="
        },
        "tiny-lru": {
            "version": "7.0.6",
            "resolved": "https://registry.npmjs.org/tiny-lru/-/tiny-lru-7.0.6.tgz",
            "integrity": "sha512-zNYO0Kvgn5rXzWpL0y3RS09sMK67eGaQj9805jlK9G6pSadfriTczzLHFXa/xcW4mIRfmlB9HyQ/+SgL0V1uow=="
        },
        "verror": {
            "version": "1.10.0",
            "resolved": "https://registry.npmjs.org/verror/-/verror-1.10.0.tgz",
            "integrity": "sha1-OhBcoXBTr1XW4nDB+CiGguGNpAA=",
            "requires": {
                "assert-plus": "^1.0.0",
                "core-util-is": "1.0.2",
                "extsprintf": "^1.2.0"
            }
        }
    }
}
